DEPENDENCIES
  apache2
  application_git
  apt
  ark
  bluepill
  build-essential
  mysql
  openssl
  php
  phpapp
    path: phpapp_cookbook
  phpmyadmin
    path: phpmyadmin_cookbook
  selinux
  yum

GRAPH
  apache2 (5.0.1)
  application (5.2.0)
    poise (~> 2.4)
    poise-service (~> 1.0)
  application_git (1.2.0)
    application (~> 5.0)
    poise (~> 2.0)
    poise-git (~> 1.0)
  apt (7.0.0)
  ark (3.1.0)
    build-essential (>= 0.0.0)
    seven_zip (>= 0.0.0)
    windows (>= 0.0.0)
  bluepill (4.1.0)
    rsyslog (>= 2.0)
  build-essential (8.1.1)
    mingw (>= 1.1)
    seven_zip (>= 0.0.0)
  mingw (2.0.2)
    seven_zip (>= 0.0.0)
  mysql (8.5.1)
  openssl (8.1.2)
  php (6.0.0)
    build-essential (>= 5.0)
    yum-epel (>= 0.0.0)
  phpapp (0.9.0)
    apache2 (>= 0.0.0)
    application_git (>= 0.0.0)
    apt (>= 0.0.0)
    build-essential (>= 0.0.0)
    php (>= 0.0.0)
    phpmyadmin (>= 0.0.0)
    selinux (>= 0.0.0)
    yum (>= 0.0.0)
  phpmyadmin (1.0.4)
    php (>= 0.0.0)
  poise (2.8.2)
  poise-archive (1.5.0)
    poise (~> 2.6)
  poise-git (1.0.0)
    poise (~> 2.6)
    poise-languages (~> 2.1)
  poise-languages (2.1.2)
    poise (~> 2.5)
    poise-archive (~> 1.0)
  poise-service (1.5.2)
    poise (~> 2.0)
  rsyslog (6.0.5)
  selinux (2.1.1)
  seven_zip (3.0.0)
    windows (>= 0.0.0)
  windows (4.3.3)
  yum (5.1.0)
  yum-epel (3.1.0)
